// !$*UTF8*$!
{
	archiveVersion = 1;
	classes = {
	};
	objectVersion = 50;
	objects = {

/* Begin PBXBuildFile section */
		71BEDC8F235E1D1A003666CC /* AppDelegate.swift in Sources */ = {isa = PBXBuildFile; fileRef = 71BEDC8E235E1D1A003666CC /* AppDelegate.swift */; };
		71BEDC91235E1D1A003666CC /* SceneDelegate.swift in Sources */ = {isa = PBXBuildFile; fileRef = 71BEDC90235E1D1A003666CC /* SceneDelegate.swift */; };
		71BEDC93235E1D1A003666CC /* ViewController.swift in Sources */ = {isa = PBXBuildFile; fileRef = 71BEDC92235E1D1A003666CC /* ViewController.swift */; };
		71BEDC96235E1D1A003666CC /* Main.storyboard in Resources */ = {isa = PBXBuildFile; fileRef = 71BEDC94235E1D1A003666CC /* Main.storyboard */; };
		71BEDC98235E1D1E003666CC /* Assets.xcassets in Resources */ = {isa = PBXBuildFile; fileRef = 71BEDC97235E1D1E003666CC /* Assets.xcassets */; };
		71BEDC9B235E1D1E003666CC /* LaunchScreen.storyboard in Resources */ = {isa = PBXBuildFile; fileRef = 71BEDC99235E1D1E003666CC /* LaunchScreen.storyboard */; };
/* End PBXBuildFile section */

/* Begin PBXFileReference section */
		71BEDC8B235E1D1A003666CC /* HelloSingleView.app */ = {isa = PBXFileReference; explicitFileType = wrapper.application; includeInIndex = 0; path = HelloSingleView.app; sourceTree = BUILT_PRODUCTS_DIR; };
		71BEDC8E235E1D1A003666CC /* AppDelegate.swift */ = {isa = PBXFileReference; lastKnownFileType = sourcecode.swift; path = AppDelegate.swift; sourceTree = "<group>"; };
		71BEDC90235E1D1A003666CC /* SceneDelegate.swift */ = {isa = PBXFileReference; lastKnownFileType = sourcecode.swift; path = SceneDelegate.swift; sourceTree = "<group>"; };
		71BEDC92235E1D1A003666CC /* ViewController.swift */ = {isa = PBXFileReference; lastKnownFileType = sourcecode.swift; path = ViewController.swift; sourceTree = "<group>"; };
		71BEDC95235E1D1A003666CC /* Base */ = {isa = PBXFileReference; lastKnownFileType = file.storyboard; name = Base; path = Base.lproj/Main.storyboard; sourceTree = "<group>"; };
		71BEDC97235E1D1E003666CC /* Assets.xcassets */ = {isa = PBXFileReference; lastKnownFileType = folder.assetcatalog; path = Assets.xcassets; sourceTree = "<group>"; };
		71BEDC9A235E1D1E003666CC /* Base */ = {isa = PBXFileReference; lastKnownFileType = file.storyboard; name = Base; path = Base.lproj/LaunchScreen.storyboard; sourceTree = "<group>"; };
		71BEDC9C235E1D1E003666CC /* Info.plist */ = {isa = PBXFileReference; lastKnownFileType = text.plist.xml; path = Info.plist; sourceTree = "<group>"; };
/* End PBXFileReference section */

/* Begin PBXFrameworksBuildPhase section */
		71BEDC88235E1D1A003666CC /* Frameworks */ = {
			isa = PBXFrameworksBuildPhase;
			buildActionMask = 2147483647;
			files = (
			);
			runOnlyForDeploymentPostprocessing = 0;
		};
/* End PBXFrameworksBuildPhase section */

/* Begin PBXGroup section */
		71BEDC82235E1D1A003666CC = {
			isa = PBXGroup;
			children = (
				71BEDC8D235E1D1A003666CC /* HelloSingleView */,
				71BEDC8C235E1D1A003666CC /* Products */,
			);
			sourceTree = "<group>";
		};
		71BEDC8C235E1D1A003666CC /* Products */ = {
			isa = PBXGroup;
			children = (
				71BEDC8B235E1D1A003666CC /* HelloSingleView.app */,
			);
			name = Products;
			sourceTree = "<group>";
		};
		71BEDC8D235E1D1A003666CC /* HelloSingleView */ = {
			isa = PBXGroup;
			children = (
				71BEDC8E235E1D1A003666CC /* AppDelegate.swift */,
				71BEDC90235E1D1A003666CC /* SceneDelegate.swift */,
				71BEDC92235E1D1A003666CC /* ViewController.swift */,
				71BEDC94235E1D1A003666CC /* Main.storyboard */,
				71BEDC97235E1D1E003666CC /* Assets.xcassets */,
				71BEDC99235E1D1E003666CC /* LaunchScreen.storyboard */,
				71BEDC9C235E1D1E003666CC /* Info.plist */,
			);
			path = HelloSingleView;
			sourceTree = "<group>";
		};
/* End PBXGroup section */

/* Begin PBXNativeTarget section */
		71BEDC8A235E1D1A003666CC /* HelloSingleView */ = {
			isa = PBXNativeTarget;
			buildConfigurationList = 71BEDC9F235E1D1E003666CC /* Build configuration list for PBXNativeTarget "HelloSingleView" */;
			buildPhases = (
				71BEDC87235E1D1A003666CC /* Sources */,
				71BEDC88235E1D1A003666CC /* Frameworks */,
				71BEDC89235E1D1A003666CC /* Resources */,
			);
			buildRules = (
			);
			dependencies = (
			);
			name = HelloSingleView;
			productName = HelloSingleView;
			productReference = 71BEDC8B235E1D1A003666CC /* HelloSingleView.app */;
			productType = "com.apple.product-type.application";
		};
/* End PBXNativeTarget section */

/* Begin PBXProject section */
		71BEDC83235E1D1A003666CC /* Project object */ = {
			isa = PBXProject;
			attributes = {
				LastSwiftUpdateCheck = 1110;
				LastUpgradeCheck = 1110;
				ORGANIZATIONNAME = "Johan Törnqvist";
				TargetAttributes = {
					71BEDC8A235E1D1A003666CC = {
						CreatedOnToolsVersion = 11.1;
					};
				};
			};
			buildConfigurationList = 71BEDC86235E1D1A003666CC /* Build configuration list for PBXProject "HelloSingleView" */;
			compatibilityVersion = "Xcode 9.3";
			developmentRegion = en;
			hasScannedForEncodings = 0;
			knownRegions = (
				en,
				Base,
			);
			mainGroup = 71BEDC82235E1D1A003666CC;
			productRefGroup = 71BEDC8C235E1D1A003666CC /* Products */;
			projectDirPath = "";
			projectRoot = "";
			targets = (
				71BEDC8A235E1D1A003666CC /* HelloSingleView */,
			);
		};
/* End PBXProject section */

/* Begin PBXResourcesBuildPhase section */
		71BEDC89235E1D1A003666CC /* Resources */ = {
			isa = PBXResourcesBuildPhase;
			buildActionMask = 2147483647;
			files = (
				71BEDC9B235E1D1E003666CC /* LaunchScreen.storyboard in Resources */,
				71BEDC98235E1D1E003666CC /* Assets.xcassets in Resources */,
				71BEDC96235E1D1A003666CC /* Main.storyboard in Resources */,
			);
			runOnlyForDeploymentPostprocessing = 0;
		};
/* End PBXResourcesBuildPhase section */

/* Begin PBXSourcesBuildPhase section */
		71BEDC87235E1D1A003666CC /* Sources */ = {
			isa = PBXSourcesBuildPhase;
			buildActionMask = 2147483647;
			files = (
				71BEDC93235E1D1A003666CC /* ViewController.swift in Sources */,
				71BEDC8F235E1D1A003666CC /* AppDelegate.swift in Sources */,
				71BEDC91235E1D1A003666CC /* SceneDelegate.swift in Sources */,
			);
			runOnlyForDeploymentPostprocessing = 0;
		};
/* End PBXSourcesBuildPhase section */

/* Begin PBXVariantGroup section */
		71BEDC94235E1D1A003666CC /* Main.storyboard */ = {
			isa = PBXVariantGroup;
			children = (
				71BEDC95235E1D1A003666CC /* Base */,
			);
			name = Main.storyboard;
			sourceTree = "<group>";
		};
		71BEDC99235E1D1E003666CC /* LaunchScreen.storyboard */ = {
			isa = PBXVariantGroup;
			children = (
				71BEDC9A235E1D1E003666CC /* Base */,
			);
			name = LaunchScreen.storyboard;
			sourceTree = "<group>";
		};
/* End PBXVariantGroup section */

/* Begin XCBuildConfiguration section */
		71BEDC9D235E1D1E003666CC /* Debug */ = {
			isa = XCBuildConfiguration;
			buildSettings = {
				ALWAYS_SEARCH_USER_PATHS = NO;
				CLANG_ANALYZER_NONNULL = YES;
				CLANG_ANALYZER_NUMBER_OBJECT_CONVERSION = YES_AGGRESSIVE;
				CLANG_CXX_LANGUAGE_STANDARD = "gnu++14";
				CLANG_CXX_LIBRARY = "libc++";
				CLANG_ENABLE_MODULES = YES;
				CLANG_ENABLE_OBJC_ARC = YES;
				CLANG_ENABLE_OBJC_WEAK = YES;
				CLANG_WARN_BLOCK_CAPTURE_AUTORELEASING = YES;
				CLANG_WARN_BOOL_CONVERSION = YES;
				CLANG_WARN_COMMA = YES;
				CLANG_WARN_CONSTANT_CONVERSION = YES;
				CLANG_WARN_DEPRECATED_OBJC_IMPLEMENTATIONS = YES;
				CLANG_WARN_DIRECT_OBJC_ISA_USAGE = YES_ERROR;
				CLANG_WARN_DOCUMENTATION_COMMENTS = YES;
				CLANG_WARN_EMPTY_BODY = YES;
				CLANG_WARN_ENUM_CONVERSION = YES;
				CLANG_WARN_INFINITE_RECURSION = YES;
				CLANG_WARN_INT_CONVERSION = YES;
				CLANG_WARN_NON_LITERAL_NULL_CONVERSION = YES;
				CLANG_WARN_OBJC_IMPLICIT_RETAIN_SELF = YES;
				CLANG_WARN_OBJC_LITERAL_CONVERSION = YES;
				CLANG_WARN_OBJC_ROOT_CLASS = YES_ERROR;
				CLANG_WARN_RANGE_LOOP_ANALYSIS = YES;
				CLANG_WARN_STRICT_PROTOTYPES = YES;
				CLANG_WARN_SUSPICIOUS_MOVE = YES;
				CLANG_WARN_UNGUARDED_AVAILABILITY = YES_AGGRESSIVE;
				CLANG_WARN_UNREACHABLE_CODE = YES;
				CLANG_WARN__DUPLICATE_METHOD_MATCH = YES;
				COPY_PHASE_STRIP = NO;
				DEBUG_INFORMATION_FORMAT = dwarf;
				ENABLE_STRICT_OBJC_MSGSEND = YES;
				ENABLE_TESTABILITY = YES;
				GCC_C_LANGUAGE_STANDARD = gnu11;
				GCC_DYNAMIC_NO_PIC = NO;
				GCC_NO_COMMON_BLOCKS = YES;
				GCC_OPTIMIZATION_LEVEL = 0;
				GCC_PREPROCESSOR_DEFINITIONS = (
					"DEBUG=1",
					"$(inherited)",
				);
				GCC_WARN_64_TO_32_BIT_CONVERSION = YES;
				GCC_WARN_ABOUT_RETURN_TYPE = YES_ERROR;
				GCC_WARN_UNDECLARED_SELECTOR = YES;
				GCC_WARN_UNINITIALIZED_AUTOS = YES_AGGRESSIVE;
				GCC_WARN_UNUSED_FUNCTION = YES;
				GCC_WARN_UNUSED_VARIABLE = YES;
				IPHONEOS_DEPLOYMENT_TARGET = 13.1;
				MTL_ENABLE_DEBUG_INFO = INCLUDE_SOURCE;
				MTL_FAST_MATH = YES;
				ONLY_ACTIVE_ARCH = YES;
				SDKROOT = iphoneos;
				SWIFT_ACTIVE_COMPILATION_CONDITIONS = DEBUG;
				SWIFT_OPTIMIZATION_LEVEL = "-Onone";
			};
			name = Debug;
		};
		71BEDC9E235E1D1E003666CC /* Release */ = {
			isa = XCBuildConfiguration;
			buildSettings = {
				ALWAYS_SEARCH_USER_PATHS = NO;
				CLANG_ANALYZER_NONNULL = YES;
				CLANG_ANALYZER_NUMBER_OBJECT_CONVERSION = YES_AGGRESSIVE;
				CLANG_CXX_LANGUAGE_STANDARD = "gnu++14";
				CLANG_CXX_LIBRARY = "libc++";
				CLANG_ENABLE_MODULES = YES;
				CLANG_ENABLE_OBJC_ARC = YES;
				CLANG_ENABLE_OBJC_WEAK = YES;
				CLANG_WARN_BLOCK_CAPTURE_AUTORELEASING = YES;
				CLANG_WARN_BOOL_CONVERSION = YES;
				CLANG_WARN_COMMA = YES;
				CLANG_WARN_CONSTANT_CONVERSION = YES;
				CLANG_WARN_DEPRECATED_OBJC_IMPLEMENTATIONS = YES;
				CLANG_WARN_DIRECT_OBJC_ISA_USAGE = YES_ERROR;
				CLANG_WARN_DOCUMENTATION_COMMENTS = YES;
				CLANG_WARN_EMPTY_BODY = YES;
				CLANG_WARN_ENUM_CONVERSION = YES;
				CLANG_WARN_INFINITE_RECURSION = YES;
				CLANG_WARN_INT_CONVERSION = YES;
				CLANG_WARN_NON_LITERAL_NULL_CONVERSION = YES;
				CLANG_WARN_OBJC_IMPLICIT_RETAIN_SELF = YES;
				CLANG_WARN_OBJC_LITERAL_CONVERSION = YES;
				CLANG_WARN_OBJC_ROOT_CLASS = YES_ERROR;
				CLANG_WARN_RANGE_LOOP_ANALYSIS = YES;
				CLANG_WARN_STRICT_PROTOTYPES = YES;
				CLANG_WARN_SUSPICIOUS_MOVE = YES;
				CLANG_WARN_UNGUARDED_AVAILABILITY = YES_AGGRESSIVE;
				CLANG_WARN_UNREACHABLE_CODE = YES;
				CLANG_WARN__DUPLICATE_METHOD_MATCH = YES;
				COPY_PHASE_STRIP = NO;
				DEBUG_INFORMATION_FORMAT = "dwarf-with-dsym";
				ENABLE_NS_ASSERTIONS = NO;
				ENABLE_STRICT_OBJC_MSGSEND = YES;
				GCC_C_LANGUAGE_STANDARD = gnu11;
				GCC_NO_COMMON_BLOCKS = YES;
				GCC_WARN_64_TO_32_BIT_CONVERSION = YES;
				GCC_WARN_ABOUT_RETURN_TYPE = YES_ERROR;
				GCC_WARN_UNDECLARED_SELECTOR = YES;
				GCC_WARN_UNINITIALIZED_AUTOS = YES_AGGRESSIVE;
				GCC_WARN_UNUSED_FUNCTION = YES;
				GCC_WARN_UNUSED_VARIABLE = YES;
				IPHONEOS_DEPLOYMENT_TARGET = 13.1;
				MTL_ENABLE_DEBUG_INFO = NO;
				MTL_FAST_MATH = YES;
				SDKROOT = iphoneos;
				SWIFT_COMPILATION_MODE = wholemodule;
				SWIFT_OPTIMIZATION_LEVEL = "-O";
				VALIDATE_PRODUCT = YES;
			};
			name = Release;
		};
		71BEDCA0235E1D1E003666CC /* Debug */ = {
			isa = XCBuildConfiguration;
			buildSettings = {
				ASSETCATALOG_COMPILER_APPICON_NAME = AppIcon;
				CODE_SIGN_STYLE = Automatic;
				DEVELOPMENT_TEAM = CTG4422Q67;
				INFOPLIST_FILE = HelloSingleView/Info.plist;
				LD_RUNPATH_SEARCH_PATHS = (
					"$(inherited)",
					"@executable_path/Frameworks",
				);
				PRODUCT_BUNDLE_IDENTIFIER = com.iexploreit.HelloSingleView;
				PRODUCT_NAME = "$(TARGET_NAME)";
				SWIFT_VERSION = 5.0;
				TARGETED_DEVICE_FAMILY = "1,2";
			};
			name = Debug;
		};
		71BEDCA1235E1D1E003666CC /* Release */ = {
			isa = XCBuildConfiguration;
			buildSettings = {
				ASSETCATALOG_COMPILER_APPICON_NAME = AppIcon;
				CODE_SIGN_STYLE = Automatic;
				DEVELOPMENT_TEAM = CTG4422Q67;
				INFOPLIST_FILE = HelloSingleView/Info.plist;
				LD_RUNPATH_SEARCH_PATHS = (
					"$(inherited)",
					"@executable_path/Frameworks",
				);
				PRODUCT_BUNDLE_IDENTIFIER = com.iexploreit.HelloSingleView;
				PRODUCT_NAME = "$(TARGET_NAME)";
				SWIFT_VERSION = 5.0;
				TARGETED_DEVICE_FAMILY = "1,2";
			};
			name = Release;
		};
/* End XCBuildConfiguration section */

/* Begin XCConfigurationList section */
		71BEDC86235E1D1A003666CC /* Build configuration list for PBXProject "HelloSingleView" */ = {
			isa = XCConfigurationList;
			buildConfigurations = (
				71BEDC9D235E1D1E003666CC /* Debug */,
				71BEDC9E235E1D1E003666CC /* Release */,
			);
			defaultConfigurationIsVisible = 0;
			defaultConfigurationName = Release;
		};
		71BEDC9F235E1D1E003666CC /* Build configuration list for PBXNativeTarget "HelloSingleView" */ = {
			isa = XCConfigurationList;
			buildConfigurations = (
				71BEDCA0235E1D1E003666CC /* Debug */,
				71BEDCA1235E1D1E003666CC /* Release */,
			);
			defaultConfigurationIsVisible = 0;
			defaultConfigurationName = Release;
		};
/* End XCConfigurationList section */
	};
	rootObject = 71BEDC83235E1D1A003666CC /* Project object */;
}
